# This file is autogenerated, do not edit; changes may be undone by the next 'dep ensure'.


[[projects]]
  digest = "1:90149e2f8931e6f8b4e929da1bc8bc74fb652021f2faa2d73a15f24cce337a02"
  name = "github.com/ajeddeloh/go-json"
  packages = ["."]
  pruneopts = "UT"
  revision = "73d058cf8437a1989030afe571eeab9f90eebbbd"

[[projects]]
  digest = "1:5f5b0d2ed45f61f3add4d4a8d26812c36fc78f177e3e16941170426b1b4fcf69"
  name = "github.com/coreos/go-semver"
  packages = ["semver"]
  pruneopts = "UT"
  revision = "294930c1e79c64e7dbe360054274fdad492c8cf5"
  version = "v0.1.0"

[[projects]]
  digest = "1:2ed7e62c94645be6b47be0911035fbabaa6271b20138d3643488716b5c6cad41"
  name = "github.com/coreos/go-systemd"
  packages = ["unit"]
  pruneopts = "UT"
  revision = "39ca1b05acc7ad1220e09f133283b8859a8b71ab"
  version = "v17"

[[projects]]
  digest = "1:fb5b2aed0d774e210c1f2c0893e620cb3fa98957d3b925d0378f93b9613eb605"
  name = "github.com/coreos/ignition"
  packages = [
    "config/shared/errors",
    "config/shared/validations",
    "config/util",
    "config/v1",
    "config/v1/types",
    "config/v2_0",
    "config/v2_0/types",
    "config/v2_1",
    "config/v2_1/types",
    "config/v2_2",
    "config/v2_2/types",
    "config/v2_3_experimental/types",
    "config/validate",
    "config/validate/astjson",
    "config/validate/astnode",
    "config/validate/report",
  ]
  pruneopts = "UT"
  revision = "76107251acd117c6d3e5b4dae2b47f82f944984b"
  version = "v0.26.0"

[[projects]]
  digest = "1:f83d740263b44fdeef3e1bce6147b5d7283fcad1a693d39639be33993ecf3db1"
  name = "github.com/gogo/protobuf"
  packages = [
    "proto",
    "sortkeys",
  ]
  pruneopts = "UT"
  revision = "c0656edd0d9eab7c66d1eb0c568f9039345796f7"

[[projects]]
  digest = "1:2edd2416f89b4e841df0e4a78802ce14d2bc7ad79eba1a45986e39f0f8cb7d87"
  name = "github.com/golang/glog"
  packages = ["."]
  pruneopts = "UT"
  revision = "44145f04b68cf362d9c4df2182967c2275eaefed"

[[projects]]
  digest = "1:41bfd4219241b7f7d6e6fdb13fc712576f1337e68e6b895136283b76928fdd66"
  name = "github.com/google/gofuzz"
  packages = ["."]
  pruneopts = "UT"
  revision = "44d81051d367757e1c7c6a5a86423ece9afcf63c"

[[projects]]
  digest = "1:5bfff65eba275066cdf304a0faf91c7709e0f612ebb9760046adf6035d63ef5c"
  name = "github.com/openshift/machine-config-operator"
  packages = [
    "pkg/apis",
    "pkg/apis/machineconfiguration.openshift.io/v1",
  ]
  pruneopts = "UT"
  revision = "7efcbbbcada2af39a505c7a0305c7b32acec0af3"
  version = "v3.11.0"

[[projects]]
  branch = "master"
  digest = "1:00e4c919ffc9367cb70a6f159d45ea48404f1fa99358c446f35283c07c7ebc0e"
  name = "github.com/vincent-petithory/dataurl"
  packages = ["."]
  pruneopts = "UT"
  revision = "9a301d65acbb728fcc3ace14f45f511a4cfeea9c"

[[projects]]
  digest = "1:91ed6116b126ec7fa7b9f9460356ee6b3005e5ed320b8e85510937f44d3d62d5"
  name = "go4.org"
  packages = ["errorutil"]
  pruneopts = "UT"
  revision = "03efcb870d84809319ea509714dd6d19a1498483"

[[projects]]
  digest = "1:51168244381231fe91816c4cd7769902076dcc9c6506aa277bafeb07ea097b74"
  name = "golang.org/x/net"
  packages = [
    "http2",
    "http2/hpack",
    "idna",
    "lex/httplex",
  ]
  pruneopts = "UT"
  revision = "1c05540f6879653db88113bc4a2b70aec4bd491f"

[[projects]]
  digest = "1:8d8faad6b12a3a4c819a3f9618cb6ee1fa1cfc33253abeeea8b55336721e3405"
  name = "golang.org/x/text"
  packages = [
    "collate",
    "collate/build",
    "internal/colltab",
    "internal/gen",
    "internal/language",
    "internal/language/compact",
    "internal/tag",
    "internal/triegen",
    "internal/ucd",
    "language",
    "secure/bidirule",
    "transform",
    "unicode/bidi",
    "unicode/cldr",
    "unicode/norm",
    "unicode/rangetable",
  ]
  pruneopts = "UT"
  revision = "342b2e1fbaa52c93f31447ad2c6abc048c63e475"
  version = "v0.3.2"

[[projects]]
  digest = "1:ef72505cf098abdd34efeea032103377bec06abb61d8a06f002d5d296a4b1185"
  name = "gopkg.in/inf.v0"
  packages = ["."]
  pruneopts = "UT"
  revision = "3887ee99ecf07df5b447e9b00d9c0b2adaa9f3e4"
  version = "v0.9.0"

[[projects]]
  digest = "1:84cb0f4ee3ca34a3e2f1c43582a9101a5cabe51cdf21fe3fb96509b12d735ef1"
  name = "k8s.io/api"
  packages = ["core/v1"]
  pruneopts = "UT"
  revision = "2d6f90ab1293a1fb871cf149423ebb72aa7423aa"
  version = "kubernetes-1.11.1"

[[projects]]
  digest = "1:ecaec908bfce517793ca111cd86d4d590e2251aa79cdbcffb2721a51ca9b51ec"
  name = "k8s.io/apimachinery"
  packages = [
    "pkg/api/resource",
    "pkg/apis/meta/v1",
    "pkg/conversion",
    "pkg/conversion/queryparams",
    "pkg/fields",
    "pkg/labels",
    "pkg/runtime",
    "pkg/runtime/schema",
    "pkg/selection",
    "pkg/types",
    "pkg/util/errors",
    "pkg/util/intstr",
    "pkg/util/json",
    "pkg/util/net",
    "pkg/util/runtime",
    "pkg/util/sets",
    "pkg/util/validation",
    "pkg/util/validation/field",
    "pkg/util/wait",
    "pkg/watch",
    "third_party/forked/golang/reflect",
  ]
  pruneopts = "UT"
  revision = "103fd098999dc9c0c88536f5c9ad2e5da39373ae"
  version = "kubernetes-1.11.1"

[solve-meta]
  analyzer-name = "dep"
  analyzer-version = 1
  input-imports = [
    "github.com/coreos/ignition/config/v2_2/types",
    "github.com/openshift/machine-config-operator/pkg/apis/machineconfiguration.openshift.io/v1",
  ]
  solver-name = "gps-cdcl"
  solver-version = 1
